
Microsoft Visual Studio Solution File, Format Version 12.00
# Visual Studio Version 17
VisualStudioVersion = 17.11.35222.181
MinimumVisualStudioVersion = 10.0.40219.1
Project("{FAE04EC0-301F-11D3-BF4B-00C04F79EFBC}") = "ImoveisApi", "ImoveisApi\ImoveisApi.csproj", "{49C0C105-C4FF-49B0-B12D-ED39181590E5}"
EndProject
Global
	GlobalSection(SolutionConfigurationPlatforms) = preSolution
		Debug|Any CPU = Debug|Any CPU
		Release|Any CPU = Release|Any CPU
	EndGlobalSection
	GlobalSection(ProjectConfigurationPlatforms) = postSolution
		{49C0C105-C4FF-49B0-B12D-ED39181590E5}.Debug|Any CPU.ActiveCfg = Debug|Any CPU
		{49C0C105-C4FF-49B0-B12D-ED39181590E5}.Debug|Any CPU.Build.0 = Debug|Any CPU
		{49C0C105-C4FF-49B0-B12D-ED39181590E5}.Release|Any CPU.ActiveCfg = Release|Any CPU
		{49C0C105-C4FF-49B0-B12D-ED39181590E5}.Release|Any CPU.Build.0 = Release|Any CPU
	EndGlobalSection
	GlobalSection(SolutionProperties) = preSolution
		HideSolutionNode = FALSE
	EndGlobalSection
	GlobalSection(ExtensibilityGlobals) = postSolution
		SolutionGuid = {93D4C602-DE4D-4728-885F-508A0D5D0BBA}
	EndGlobalSection
EndGlobal
